
Microsoft Visual Studio Solution File, Format Version 12.00
# Visual Studio 2015
Project("{FAE04EC0-301F-11D3-BF4B-00C04F79EFBC}") = "HiveWare Test Lab.CSharp", "HiveWare Test Lab.CSharp.csproj", "{EB03CCE4-963A-CA66-54C1-3E11A3CB1BA4}"
EndProject
Global
	GlobalSection(SolutionConfigurationPlatforms) = preSolution
		Debug|Any CPU = Debug|Any CPU
		Release|Any CPU = Release|Any CPU
	EndGlobalSection
	GlobalSection(ProjectConfigurationPlatforms) = postSolution
		{EB03CCE4-963A-CA66-54C1-3E11A3CB1BA4}.Debug|Any CPU.ActiveCfg = Debug|Any CPU
		{EB03CCE4-963A-CA66-54C1-3E11A3CB1BA4}.Debug|Any CPU.Build.0 = Debug|Any CPU
		{EB03CCE4-963A-CA66-54C1-3E11A3CB1BA4}.Release|Any CPU.ActiveCfg = Release|Any CPU
		{EB03CCE4-963A-CA66-54C1-3E11A3CB1BA4}.Release|Any CPU.Build.0 = Release|Any CPU
	EndGlobalSection
	GlobalSection(SolutionProperties) = preSolution
		HideSolutionNode = FALSE
	EndGlobalSection
EndGlobal
